{
  "name": "simple-data-crypto-file-preview",
  "version": "1.0.1",
  "lockfileVersion": 3,
  "requires": true,
  "packages": {
    "": {
      "name": "simple-data-crypto-file-preview",
      "version": "1.0.1",
      "license": "MIT",
      "dependencies": {
        "common-file-preview": "^5.6.5",
        "play-video-streamed": "^5.6.2",
        "simple-data-crypto": "^1.101.0"
      }
    },
    "node_modules/common-file-preview": {
      "version": "5.6.5",
      "resolved": "https://registry.npmjs.org/common-file-preview/-/common-file-preview-5.6.5.tgz",
      "integrity": "sha512-588oshn6uCdce+WyJR0PvwrFX8SLHhcsCDzutXN99gUCXCSIYeOfxN/cY0Tu0G2gnvYIhJa4dJ6ASaHx2+xT7w==",
      "license": "MIT"
    },
    "node_modules/mp4box": {
      "version": "0.5.4",
      "resolved": "https://registry.npmjs.org/mp4box/-/mp4box-0.5.4.tgz",
      "integrity": "sha512-GcCH0fySxBurJtvr0dfhz0IxHZjc1RP+F+I8xw+LIwkU1a+7HJx8NCDiww1I5u4Hz6g4eR1JlGADEGJ9r4lSfA==",
      "license": "BSD-3-Clause"
    },
    "node_modules/play-video-streamed": {
      "version": "5.6.2",
      "resolved": "https://registry.npmjs.org/play-video-streamed/-/play-video-streamed-5.6.2.tgz",
      "integrity": "sha512-U9Nr6MXPrXfFdBY1hwoH2Gvw4SXy738o78y5W1JkouiyelL+BaSPJBO2PbvdbQJRjWIO3h4O10/x8QRpL/dJMg==",
      "license": "MIT",
      "dependencies": {
        "mp4box": "^0.5.4"
      }
    },
    "node_modules/scrypt-js": {
      "version": "3.0.1",
      "resolved": "https://registry.npmjs.org/scrypt-js/-/scrypt-js-3.0.1.tgz",
      "integrity": "sha512-cdwTTnqPu0Hyvf5in5asVdZocVDTNRmR7XEcJuIzMjJeSHybHl7vpB66AzwTaIg6CLSbtjcxc8fqcySfnTkccA==",
      "license": "MIT"
    },
    "node_modules/simple-data-crypto": {
      "version": "1.101.0",
      "resolved": "https://registry.npmjs.org/simple-data-crypto/-/simple-data-crypto-1.101.0.tgz",
      "integrity": "sha512-wxjh0A7dsTPpFfIzgFKAZQjE9mkRmzSFq/pOm5hrGzRKwMYRa6VGiYm9qvFgrbyrucxB+y9PNqkdT+G9Pfo9YA==",
      "license": "MIT",
      "dependencies": {
        "scrypt-js": "=3.0.1"
      }
    }
  }
}
